// !$*UTF8*$!
{
	archiveVersion = 1;
	classes = {
	};
	objectVersion = 46;
	objects = {

/* Begin PBXBuildFile section */
		3F5228AD0D31F02DAC859B7D /* Pods_TechTest.framework in Frameworks */ = {isa = PBXBuildFile; fileRef = 3949714236251E0DA3D0EDB7 /* Pods_TechTest.framework */; };
		6E22B8E71E4FA41300138FE6 /* RatesConsumer.swift in Sources */ = {isa = PBXBuildFile; fileRef = 6E22B8E61E4FA41300138FE6 /* RatesConsumer.swift */; };
		6E22B8EE1E4FCF8A00138FE6 /* VMApiConfigProviderTest.swift in Sources */ = {isa = PBXBuildFile; fileRef = 6E22B8ED1E4FCF8A00138FE6 /* VMApiConfigProviderTest.swift */; };
		6E22B8F11E4FF88800138FE6 /* Currency.swift in Sources */ = {isa = PBXBuildFile; fileRef = 6E22B8F01E4FF88800138FE6 /* Currency.swift */; };
		6E22B8F31E4FF89500138FE6 /* ApiConfigProvider.swift in Sources */ = {isa = PBXBuildFile; fileRef = 6E22B8F21E4FF89500138FE6 /* ApiConfigProvider.swift */; };
		6E22B8F51E4FF91600138FE6 /* RatesResponse.swift in Sources */ = {isa = PBXBuildFile; fileRef = 6E22B8F41E4FF91600138FE6 /* RatesResponse.swift */; };
		6E5D6BE91E54EEEF001853A8 /* Converter.swift in Sources */ = {isa = PBXBuildFile; fileRef = 6E5D6BE81E54EEEF001853A8 /* Converter.swift */; };
		6E5D6BEB1E55396D001853A8 /* ShopCellProtocol.swift in Sources */ = {isa = PBXBuildFile; fileRef = 6E5D6BEA1E55396D001853A8 /* ShopCellProtocol.swift */; };
		6E72B4B41E4D217300C6F111 /* AppDelegate.swift in Sources */ = {isa = PBXBuildFile; fileRef = 6E72B4B31E4D217300C6F111 /* AppDelegate.swift */; };
		6E72B4B61E4D217300C6F111 /* ViewController.swift in Sources */ = {isa = PBXBuildFile; fileRef = 6E72B4B51E4D217300C6F111 /* ViewController.swift */; };
		6E72B4B91E4D217300C6F111 /* Main.storyboard in Resources */ = {isa = PBXBuildFile; fileRef = 6E72B4B71E4D217300C6F111 /* Main.storyboard */; };
		6E72B4BB1E4D217300C6F111 /* Assets.xcassets in Resources */ = {isa = PBXBuildFile; fileRef = 6E72B4BA1E4D217300C6F111 /* Assets.xcassets */; };
		6E72B4BE1E4D217300C6F111 /* LaunchScreen.storyboard in Resources */ = {isa = PBXBuildFile; fileRef = 6E72B4BC1E4D217300C6F111 /* LaunchScreen.storyboard */; };
		6E72B4C91E4D217300C6F111 /* TechTestTests.swift in Sources */ = {isa = PBXBuildFile; fileRef = 6E72B4C81E4D217300C6F111 /* TechTestTests.swift */; };
		6E72B4D41E4D217300C6F111 /* TechTestUITests.swift in Sources */ = {isa = PBXBuildFile; fileRef = 6E72B4D31E4D217300C6F111 /* TechTestUITests.swift */; };
		6E9EE55B1E50084100C871AA /* ConvertButtonViewController.swift in Sources */ = {isa = PBXBuildFile; fileRef = 6E9EE55A1E50084100C871AA /* ConvertButtonViewController.swift */; };
		6E9EE55D1E50EB9A00C871AA /* Quote.swift in Sources */ = {isa = PBXBuildFile; fileRef = 6E9EE55C1E50EB9A00C871AA /* Quote.swift */; };
		6EC6FD191E53C279003F3D0F /* CoreGraphics.framework in Frameworks */ = {isa = PBXBuildFile; fileRef = 6EC6FD181E53C279003F3D0F /* CoreGraphics.framework */; };
		6EC6FD1B1E53CB2F003F3D0F /* CheckoutViewController.swift in Sources */ = {isa = PBXBuildFile; fileRef = 6EC6FD1A1E53CB2F003F3D0F /* CheckoutViewController.swift */; };
		6EC6FD1E1E53CB8A003F3D0F /* Util.swift in Sources */ = {isa = PBXBuildFile; fileRef = 6EC6FD1D1E53CB8A003F3D0F /* Util.swift */; };
		6EF2730B1E527CBC0086C72C /* ShopTableViewController.swift in Sources */ = {isa = PBXBuildFile; fileRef = 6EF2730A1E527CBC0086C72C /* ShopTableViewController.swift */; };
		6EF2730D1E527F790086C72C /* ShopController.swift in Sources */ = {isa = PBXBuildFile; fileRef = 6EF2730C1E527F790086C72C /* ShopController.swift */; };
		6EF273101E527FB50086C72C /* ShopCell.swift in Sources */ = {isa = PBXBuildFile; fileRef = 6EF2730F1E527FB50086C72C /* ShopCell.swift */; };
		6EF273121E5280710086C72C /* Item.swift in Sources */ = {isa = PBXBuildFile; fileRef = 6EF273111E5280710086C72C /* Item.swift */; };
/* End PBXBuildFile section */

/* Begin PBXContainerItemProxy section */
		6E72B4C51E4D217300C6F111 /* PBXContainerItemProxy */ = {
			isa = PBXContainerItemProxy;
			containerPortal = 6E72B4A81E4D217300C6F111 /* Project object */;
			proxyType = 1;
			remoteGlobalIDString = 6E72B4AF1E4D217300C6F111;
			remoteInfo = TechTest;
		};
		6E72B4D01E4D217300C6F111 /* PBXContainerItemProxy */ = {
			isa = PBXContainerItemProxy;
			containerPortal = 6E72B4A81E4D217300C6F111 /* Project object */;
			proxyType = 1;
			remoteGlobalIDString = 6E72B4AF1E4D217300C6F111;
			remoteInfo = TechTest;
		};
/* End PBXContainerItemProxy section */

/* Begin PBXFileReference section */
		3949714236251E0DA3D0EDB7 /* Pods_TechTest.framework */ = {isa = PBXFileReference; explicitFileType = wrapper.framework; includeInIndex = 0; path = Pods_TechTest.framework; sourceTree = BUILT_PRODUCTS_DIR; };
		6E22B8E61E4FA41300138FE6 /* RatesConsumer.swift */ = {isa = PBXFileReference; fileEncoding = 4; lastKnownFileType = sourcecode.swift; name = RatesConsumer.swift; path = Logic/RatesConsumer.swift; sourceTree = "<group>"; };
		6E22B8ED1E4FCF8A00138FE6 /* VMApiConfigProviderTest.swift */ = {isa = PBXFileReference; fileEncoding = 4; lastKnownFileType = sourcecode.swift; name = VMApiConfigProviderTest.swift; path = TechTestTests/VMApiConfigProviderTest.swift; sourceTree = SOURCE_ROOT; };
		6E22B8F01E4FF88800138FE6 /* Currency.swift */ = {isa = PBXFileReference; fileEncoding = 4; lastKnownFileType = sourcecode.swift; path = Currency.swift; sourceTree = "<group>"; };
		6E22B8F21E4FF89500138FE6 /* ApiConfigProvider.swift */ = {isa = PBXFileReference; fileEncoding = 4; lastKnownFileType = sourcecode.swift; name = ApiConfigProvider.swift; path = Logic/ApiConfigProvider.swift; sourceTree = "<group>"; };
		6E22B8F41E4FF91600138FE6 /* RatesResponse.swift */ = {isa = PBXFileReference; fileEncoding = 4; lastKnownFileType = sourcecode.swift; path = RatesResponse.swift; sourceTree = "<group>"; };
		6E5D6BE81E54EEEF001853A8 /* Converter.swift */ = {isa = PBXFileReference; fileEncoding = 4; lastKnownFileType = sourcecode.swift; name = Converter.swift; path = Logic/Converter.swift; sourceTree = "<group>"; };
		6E5D6BEA1E55396D001853A8 /* ShopCellProtocol.swift */ = {isa = PBXFileReference; fileEncoding = 4; lastKnownFileType = sourcecode.swift; name = ShopCellProtocol.swift; path = Protocols/ShopCellProtocol.swift; sourceTree = "<group>"; };
		6E706C4A1E4F63B800FC6D05 /* Docs */ = {isa = PBXFileReference; lastKnownFileType = folder; path = Docs; sourceTree = "<group>"; };
		6E706C4B1E4F63B800FC6D05 /* README.md */ = {isa = PBXFileReference; fileEncoding = 4; lastKnownFileType = net.daringfireball.markdown; path = README.md; sourceTree = "<group>"; };
		6E72B4B01E4D217300C6F111 /* TechTest.app */ = {isa = PBXFileReference; explicitFileType = wrapper.application; includeInIndex = 0; path = TechTest.app; sourceTree = BUILT_PRODUCTS_DIR; };
		6E72B4B31E4D217300C6F111 /* AppDelegate.swift */ = {isa = PBXFileReference; lastKnownFileType = sourcecode.swift; path = AppDelegate.swift; sourceTree = "<group>"; };
		6E72B4B51E4D217300C6F111 /* ViewController.swift */ = {isa = PBXFileReference; lastKnownFileType = sourcecode.swift; path = ViewController.swift; sourceTree = "<group>"; };
		6E72B4B81E4D217300C6F111 /* Base */ = {isa = PBXFileReference; lastKnownFileType = file.storyboard; name = Base; path = Base.lproj/Main.storyboard; sourceTree = "<group>"; };
		6E72B4BA1E4D217300C6F111 /* Assets.xcassets */ = {isa = PBXFileReference; lastKnownFileType = folder.assetcatalog; path = Assets.xcassets; sourceTree = "<group>"; };
		6E72B4BD1E4D217300C6F111 /* Base */ = {isa = PBXFileReference; lastKnownFileType = file.storyboard; name = Base; path = Base.lproj/LaunchScreen.storyboard; sourceTree = "<group>"; };
		6E72B4BF1E4D217300C6F111 /* Info.plist */ = {isa = PBXFileReference; lastKnownFileType = text.plist.xml; path = Info.plist; sourceTree = "<group>"; };
		6E72B4C41E4D217300C6F111 /* TechTestTests.xctest */ = {isa = PBXFileReference; explicitFileType = wrapper.cfbundle; includeInIndex = 0; path = TechTestTests.xctest; sourceTree = BUILT_PRODUCTS_DIR; };
		6E72B4C81E4D217300C6F111 /* TechTestTests.swift */ = {isa = PBXFileReference; lastKnownFileType = sourcecode.swift; path = TechTestTests.swift; sourceTree = "<group>"; };
		6E72B4CA1E4D217300C6F111 /* Info.plist */ = {isa = PBXFileReference; lastKnownFileType = text.plist.xml; path = Info.plist; sourceTree = "<group>"; };
		6E72B4CF1E4D217300C6F111 /* TechTestUITests.xctest */ = {isa = PBXFileReference; explicitFileType = wrapper.cfbundle; includeInIndex = 0; path = TechTestUITests.xctest; sourceTree = BUILT_PRODUCTS_DIR; };
		6E72B4D31E4D217300C6F111 /* TechTestUITests.swift */ = {isa = PBXFileReference; lastKnownFileType = sourcecode.swift; path = TechTestUITests.swift; sourceTree = "<group>"; };
		6E72B4D51E4D217300C6F111 /* Info.plist */ = {isa = PBXFileReference; lastKnownFileType = text.plist.xml; path = Info.plist; sourceTree = "<group>"; };
		6E9EE55A1E50084100C871AA /* ConvertButtonViewController.swift */ = {isa = PBXFileReference; fileEncoding = 4; lastKnownFileType = sourcecode.swift; path = ConvertButtonViewController.swift; sourceTree = "<group>"; };
		6E9EE55C1E50EB9A00C871AA /* Quote.swift */ = {isa = PBXFileReference; fileEncoding = 4; lastKnownFileType = sourcecode.swift; path = Quote.swift; sourceTree = "<group>"; };
		6EC6FD181E53C279003F3D0F /* CoreGraphics.framework */ = {isa = PBXFileReference; lastKnownFileType = wrapper.framework; name = CoreGraphics.framework; path = System/Library/Frameworks/CoreGraphics.framework; sourceTree = SDKROOT; };
		6EC6FD1A1E53CB2F003F3D0F /* CheckoutViewController.swift */ = {isa = PBXFileReference; fileEncoding = 4; lastKnownFileType = sourcecode.swift; path = CheckoutViewController.swift; sourceTree = "<group>"; };
		6EC6FD1D1E53CB8A003F3D0F /* Util.swift */ = {isa = PBXFileReference; fileEncoding = 4; lastKnownFileType = sourcecode.swift; name = Util.swift; path = Util/Util.swift; sourceTree = "<group>"; };
		6EF2730A1E527CBC0086C72C /* ShopTableViewController.swift */ = {isa = PBXFileReference; fileEncoding = 4; lastKnownFileType = sourcecode.swift; path = ShopTableViewController.swift; sourceTree = "<group>"; };
		6EF2730C1E527F790086C72C /* ShopController.swift */ = {isa = PBXFileReference; fileEncoding = 4; lastKnownFileType = sourcecode.swift; name = ShopController.swift; path = Logic/ShopController.swift; sourceTree = "<group>"; };
		6EF2730F1E527FB50086C72C /* ShopCell.swift */ = {isa = PBXFileReference; fileEncoding = 4; lastKnownFileType = sourcecode.swift; path = ShopCell.swift; sourceTree = "<group>"; };
		6EF273111E5280710086C72C /* Item.swift */ = {isa = PBXFileReference; fileEncoding = 4; lastKnownFileType = sourcecode.swift; path = Item.swift; sourceTree = "<group>"; };
		BBE43F4E9563CD7CCE11FE23 /* Pods-TechTest.release.xcconfig */ = {isa = PBXFileReference; includeInIndex = 1; lastKnownFileType = text.xcconfig; name = "Pods-TechTest.release.xcconfig"; path = "Pods/Target Support Files/Pods-TechTest/Pods-TechTest.release.xcconfig"; sourceTree = "<group>"; };
		D15E09D6FA810B9BAB8517AC /* Pods-TechTest.debug.xcconfig */ = {isa = PBXFileReference; includeInIndex = 1; lastKnownFileType = text.xcconfig; name = "Pods-TechTest.debug.xcconfig"; path = "Pods/Target Support Files/Pods-TechTest/Pods-TechTest.debug.xcconfig"; sourceTree = "<group>"; };
/* End PBXFileReference section */

/* Begin PBXFrameworksBuildPhase section */
		6E72B4AD1E4D217300C6F111 /* Frameworks */ = {
			isa = PBXFrameworksBuildPhase;
			buildActionMask = 2147483647;
			files = (
				6EC6FD191E53C279003F3D0F /* CoreGraphics.framework in Frameworks */,
				3F5228AD0D31F02DAC859B7D /* Pods_TechTest.framework in Frameworks */,
			);
			runOnlyForDeploymentPostprocessing = 0;
		};
		6E72B4C11E4D217300C6F111 /* Frameworks */ = {
			isa = PBXFrameworksBuildPhase;
			buildActionMask = 2147483647;
			files = (
			);
			runOnlyForDeploymentPostprocessing = 0;
		};
		6E72B4CC1E4D217300C6F111 /* Frameworks */ = {
			isa = PBXFrameworksBuildPhase;
			buildActionMask = 2147483647;
			files = (
			);
			runOnlyForDeploymentPostprocessing = 0;
		};
/* End PBXFrameworksBuildPhase section */

/* Begin PBXGroup section */
		6E22B8E51E4FA3F500138FE6 /* Logic */ = {
			isa = PBXGroup;
			children = (
				6E22B8F21E4FF89500138FE6 /* ApiConfigProvider.swift */,
				6E22B8E61E4FA41300138FE6 /* RatesConsumer.swift */,
				6E5D6BE81E54EEEF001853A8 /* Converter.swift */,
				6EF2730C1E527F790086C72C /* ShopController.swift */,
			);
			name = Logic;
			sourceTree = "<group>";
		};
		6E22B8EF1E4FF88800138FE6 /* Models */ = {
			isa = PBXGroup;
			children = (
				6E22B8F01E4FF88800138FE6 /* Currency.swift */,
				6E22B8F41E4FF91600138FE6 /* RatesResponse.swift */,
				6E9EE55C1E50EB9A00C871AA /* Quote.swift */,
				6EF273111E5280710086C72C /* Item.swift */,
			);
			name = Models;
			path = Model;
			sourceTree = "<group>";
		};
		6E5D6BEC1E553972001853A8 /* Protocols */ = {
			isa = PBXGroup;
			children = (
				6E5D6BEA1E55396D001853A8 /* ShopCellProtocol.swift */,
			);
			name = Protocols;
			sourceTree = "<group>";
		};
		6E72B4A71E4D217300C6F111 = {
			isa = PBXGroup;
			children = (
				6E706C4A1E4F63B800FC6D05 /* Docs */,
				6E706C4B1E4F63B800FC6D05 /* README.md */,
				6E72B4B21E4D217300C6F111 /* TechTest */,
				6E72B4C71E4D217300C6F111 /* TechTestTests */,
				6E72B4D21E4D217300C6F111 /* TechTestUITests */,
				6E72B4B11E4D217300C6F111 /* Products */,
				FC812C43A82C2B59588F241E /* Pods */,
				7A8995B1D5DC43E1BB98B60E /* Frameworks */,
			);
			sourceTree = "<group>";
		};
		6E72B4B11E4D217300C6F111 /* Products */ = {
			isa = PBXGroup;
			children = (
				6E72B4B01E4D217300C6F111 /* TechTest.app */,
				6E72B4C41E4D217300C6F111 /* TechTestTests.xctest */,
				6E72B4CF1E4D217300C6F111 /* TechTestUITests.xctest */,
			);
			name = Products;
			sourceTree = "<group>";
		};
		6E72B4B21E4D217300C6F111 /* TechTest */ = {
			isa = PBXGroup;
			children = (
				6E72B4B31E4D217300C6F111 /* AppDelegate.swift */,
				6E72B4B71E4D217300C6F111 /* Main.storyboard */,
				6EF273091E527C810086C72C /* ViewControllers */,
				6E5D6BEC1E553972001853A8 /* Protocols */,
				6E22B8E51E4FA3F500138FE6 /* Logic */,
				6EF2730E1E527F980086C72C /* Views */,
				6E22B8EF1E4FF88800138FE6 /* Models */,
				6EC6FD1C1E53CB5E003F3D0F /* Util */,
				6E72B4BA1E4D217300C6F111 /* Assets.xcassets */,
				6E72B4BC1E4D217300C6F111 /* LaunchScreen.storyboard */,
				6E72B4BF1E4D217300C6F111 /* Info.plist */,
			);
			path = TechTest;
			sourceTree = "<group>";
		};
		6E72B4C71E4D217300C6F111 /* TechTestTests */ = {
			isa = PBXGroup;
			children = (
				6E22B8ED1E4FCF8A00138FE6 /* VMApiConfigProviderTest.swift */,
				6E72B4C81E4D217300C6F111 /* TechTestTests.swift */,
				6E72B4CA1E4D217300C6F111 /* Info.plist */,
			);
			path = TechTestTests;
			sourceTree = "<group>";
		};
		6E72B4D21E4D217300C6F111 /* TechTestUITests */ = {
			isa = PBXGroup;
			children = (
				6E72B4D31E4D217300C6F111 /* TechTestUITests.swift */,
				6E72B4D51E4D217300C6F111 /* Info.plist */,
			);
			path = TechTestUITests;
			sourceTree = "<group>";
		};
		6EC6FD1C1E53CB5E003F3D0F /* Util */ = {
			isa = PBXGroup;
			children = (
				6EC6FD1D1E53CB8A003F3D0F /* Util.swift */,
			);
			name = Util;
			sourceTree = "<group>";
		};
		6EF273091E527C810086C72C /* ViewControllers */ = {
			isa = PBXGroup;
			children = (
				6E9EE55A1E50084100C871AA /* ConvertButtonViewController.swift */,
				6E72B4B51E4D217300C6F111 /* ViewController.swift */,
				6EF2730A1E527CBC0086C72C /* ShopTableViewController.swift */,
				6EC6FD1A1E53CB2F003F3D0F /* CheckoutViewController.swift */,
			);
			name = ViewControllers;
			sourceTree = "<group>";
		};
		6EF2730E1E527F980086C72C /* Views */ = {
			isa = PBXGroup;
			children = (
				6EF2730F1E527FB50086C72C /* ShopCell.swift */,
			);
			name = Views;
			sourceTree = "<group>";
		};
		7A8995B1D5DC43E1BB98B60E /* Frameworks */ = {
			isa = PBXGroup;
			children = (
				6EC6FD181E53C279003F3D0F /* CoreGraphics.framework */,
				3949714236251E0DA3D0EDB7 /* Pods_TechTest.framework */,
			);
			name = Frameworks;
			sourceTree = "<group>";
		};
		FC812C43A82C2B59588F241E /* Pods */ = {
			isa = PBXGroup;
			children = (
				D15E09D6FA810B9BAB8517AC /* Pods-TechTest.debug.xcconfig */,
				BBE43F4E9563CD7CCE11FE23 /* Pods-TechTest.release.xcconfig */,
			);
			name = Pods;
			sourceTree = "<group>";
		};
/* End PBXGroup section */

/* Begin PBXNativeTarget section */
		6E72B4AF1E4D217300C6F111 /* TechTest */ = {
			isa = PBXNativeTarget;
			buildConfigurationList = 6E72B4D81E4D217300C6F111 /* Build configuration list for PBXNativeTarget "TechTest" */;
			buildPhases = (
				9CCA116EDBA5838C489072A0 /* [CP] Check Pods Manifest.lock */,
				6E72B4AC1E4D217300C6F111 /* Sources */,
				6E72B4AD1E4D217300C6F111 /* Frameworks */,
				6E72B4AE1E4D217300C6F111 /* Resources */,
				F0EF7E14752738AA3F520488 /* [CP] Embed Pods Frameworks */,
				FBA97F62B18CC15A373A5467 /* [CP] Copy Pods Resources */,
			);
			buildRules = (
			);
			dependencies = (
			);
			name = TechTest;
			productName = TechTest;
			productReference = 6E72B4B01E4D217300C6F111 /* TechTest.app */;
			productType = "com.apple.product-type.application";
		};
		6E72B4C31E4D217300C6F111 /* TechTestTests */ = {
			isa = PBXNativeTarget;
			buildConfigurationList = 6E72B4DB1E4D217300C6F111 /* Build configuration list for PBXNativeTarget "TechTestTests" */;
			buildPhases = (
				6E72B4C01E4D217300C6F111 /* Sources */,
				6E72B4C11E4D217300C6F111 /* Frameworks */,
				6E72B4C21E4D217300C6F111 /* Resources */,
			);
			buildRules = (
			);
			dependencies = (
				6E72B4C61E4D217300C6F111 /* PBXTargetDependency */,
			);
			name = TechTestTests;
			productName = TechTestTests;
			productReference = 6E72B4C41E4D217300C6F111 /* TechTestTests.xctest */;
			productType = "com.apple.product-type.bundle.unit-test";
		};
		6E72B4CE1E4D217300C6F111 /* TechTestUITests */ = {
			isa = PBXNativeTarget;
			buildConfigurationList = 6E72B4DE1E4D217300C6F111 /* Build configuration list for PBXNativeTarget "TechTestUITests" */;
			buildPhases = (
				6E72B4CB1E4D217300C6F111 /* Sources */,
				6E72B4CC1E4D217300C6F111 /* Frameworks */,
				6E72B4CD1E4D217300C6F111 /* Resources */,
			);
			buildRules = (
			);
			dependencies = (
				6E72B4D11E4D217300C6F111 /* PBXTargetDependency */,
			);
			name = TechTestUITests;
			productName = TechTestUITests;
			productReference = 6E72B4CF1E4D217300C6F111 /* TechTestUITests.xctest */;
			productType = "com.apple.product-type.bundle.ui-testing";
		};
/* End PBXNativeTarget section */

/* Begin PBXProject section */
		6E72B4A81E4D217300C6F111 /* Project object */ = {
			isa = PBXProject;
			attributes = {
				CLASSPREFIX = VM;
				LastSwiftUpdateCheck = 0820;
				LastUpgradeCheck = 0820;
				ORGANIZATIONNAME = Vahid;
				TargetAttributes = {
					6E72B4AF1E4D217300C6F111 = {
						CreatedOnToolsVersion = 8.2.1;
						DevelopmentTeam = K98494P4SB;
						ProvisioningStyle = Automatic;
					};
					6E72B4C31E4D217300C6F111 = {
						CreatedOnToolsVersion = 8.2.1;
						ProvisioningStyle = Automatic;
						TestTargetID = 6E72B4AF1E4D217300C6F111;
					};
					6E72B4CE1E4D217300C6F111 = {
						CreatedOnToolsVersion = 8.2.1;
						ProvisioningStyle = Automatic;
						TestTargetID = 6E72B4AF1E4D217300C6F111;
					};
				};
			};
			buildConfigurationList = 6E72B4AB1E4D217300C6F111 /* Build configuration list for PBXProject "TechTest" */;
			compatibilityVersion = "Xcode 3.2";
			developmentRegion = English;
			hasScannedForEncodings = 0;
			knownRegions = (
				en,
				Base,
			);
			mainGroup = 6E72B4A71E4D217300C6F111;
			productRefGroup = 6E72B4B11E4D217300C6F111 /* Products */;
			projectDirPath = "";
			projectRoot = "";
			targets = (
				6E72B4AF1E4D217300C6F111 /* TechTest */,
				6E72B4C31E4D217300C6F111 /* TechTestTests */,
				6E72B4CE1E4D217300C6F111 /* TechTestUITests */,
			);
		};
/* End PBXProject section */

/* Begin PBXResourcesBuildPhase section */
		6E72B4AE1E4D217300C6F111 /* Resources */ = {
			isa = PBXResourcesBuildPhase;
			buildActionMask = 2147483647;
			files = (
				6E72B4BE1E4D217300C6F111 /* LaunchScreen.storyboard in Resources */,
				6E72B4BB1E4D217300C6F111 /* Assets.xcassets in Resources */,
				6E72B4B91E4D217300C6F111 /* Main.storyboard in Resources */,
			);
			runOnlyForDeploymentPostprocessing = 0;
		};
		6E72B4C21E4D217300C6F111 /* Resources */ = {
			isa = PBXResourcesBuildPhase;
			buildActionMask = 2147483647;
			files = (
			);
			runOnlyForDeploymentPostprocessing = 0;
		};
		6E72B4CD1E4D217300C6F111 /* Resources */ = {
			isa = PBXResourcesBuildPhase;
			buildActionMask = 2147483647;
			files = (
			);
			runOnlyForDeploymentPostprocessing = 0;
		};
/* End PBXResourcesBuildPhase section */

/* Begin PBXShellScriptBuildPhase section */
		9CCA116EDBA5838C489072A0 /* [CP] Check Pods Manifest.lock */ = {
			isa = PBXShellScriptBuildPhase;
			buildActionMask = 2147483647;
			files = (
			);
			inputPaths = (
			);
			name = "[CP] Check Pods Manifest.lock";
			outputPaths = (
			);
			runOnlyForDeploymentPostprocessing = 0;
			shellPath = /bin/sh;
			shellScript = "diff \"${PODS_ROOT}/../Podfile.lock\" \"${PODS_ROOT}/Manifest.lock\" > /dev/null\nif [ $? != 0 ] ; then\n    # print error to STDERR\n    echo \"error: The sandbox is not in sync with the Podfile.lock. Run 'pod install' or update your CocoaPods installation.\" >&2\n    exit 1\nfi\n";
			showEnvVarsInLog = 0;
		};
		F0EF7E14752738AA3F520488 /* [CP] Embed Pods Frameworks */ = {
			isa = PBXShellScriptBuildPhase;
			buildActionMask = 2147483647;
			files = (
			);
			inputPaths = (
			);
			name = "[CP] Embed Pods Frameworks";
			outputPaths = (
			);
			runOnlyForDeploymentPostprocessing = 0;
			shellPath = /bin/sh;
			shellScript = "\"${SRCROOT}/Pods/Target Support Files/Pods-TechTest/Pods-TechTest-frameworks.sh\"\n";
			showEnvVarsInLog = 0;
		};
		FBA97F62B18CC15A373A5467 /* [CP] Copy Pods Resources */ = {
			isa = PBXShellScriptBuildPhase;
			buildActionMask = 2147483647;
			files = (
			);
			inputPaths = (
			);
			name = "[CP] Copy Pods Resources";
			outputPaths = (
			);
			runOnlyForDeploymentPostprocessing = 0;
			shellPath = /bin/sh;
			shellScript = "\"${SRCROOT}/Pods/Target Support Files/Pods-TechTest/Pods-TechTest-resources.sh\"\n";
			showEnvVarsInLog = 0;
		};
/* End PBXShellScriptBuildPhase section */

/* Begin PBXSourcesBuildPhase section */
		6E72B4AC1E4D217300C6F111 /* Sources */ = {
			isa = PBXSourcesBuildPhase;
			buildActionMask = 2147483647;
			files = (
				6E22B8F11E4FF88800138FE6 /* Currency.swift in Sources */,
				6EC6FD1B1E53CB2F003F3D0F /* CheckoutViewController.swift in Sources */,
				6E72B4B61E4D217300C6F111 /* ViewController.swift in Sources */,
				6E22B8F51E4FF91600138FE6 /* RatesResponse.swift in Sources */,
				6E5D6BE91E54EEEF001853A8 /* Converter.swift in Sources */,
				6E22B8E71E4FA41300138FE6 /* RatesConsumer.swift in Sources */,
				6EF273121E5280710086C72C /* Item.swift in Sources */,
				6E9EE55D1E50EB9A00C871AA /* Quote.swift in Sources */,
				6E9EE55B1E50084100C871AA /* ConvertButtonViewController.swift in Sources */,
				6E5D6BEB1E55396D001853A8 /* ShopCellProtocol.swift in Sources */,
				6EF2730B1E527CBC0086C72C /* ShopTableViewController.swift in Sources */,
				6EF273101E527FB50086C72C /* ShopCell.swift in Sources */,
				6E72B4B41E4D217300C6F111 /* AppDelegate.swift in Sources */,
				6EC6FD1E1E53CB8A003F3D0F /* Util.swift in Sources */,
				6E22B8F31E4FF89500138FE6 /* ApiConfigProvider.swift in Sources */,
				6EF2730D1E527F790086C72C /* ShopController.swift in Sources */,
			);
			runOnlyForDeploymentPostprocessing = 0;
		};
		6E72B4C01E4D217300C6F111 /* Sources */ = {
			isa = PBXSourcesBuildPhase;
			buildActionMask = 2147483647;
			files = (
				6E22B8EE1E4FCF8A00138FE6 /* VMApiConfigProviderTest.swift in Sources */,
				6E72B4C91E4D217300C6F111 /* TechTestTests.swift in Sources */,
			);
			runOnlyForDeploymentPostprocessing = 0;
		};
		6E72B4CB1E4D217300C6F111 /* Sources */ = {
			isa = PBXSourcesBuildPhase;
			buildActionMask = 2147483647;
			files = (
				6E72B4D41E4D217300C6F111 /* TechTestUITests.swift in Sources */,
			);
			runOnlyForDeploymentPostprocessing = 0;
		};
/* End PBXSourcesBuildPhase section */

/* Begin PBXTargetDependency section */
		6E72B4C61E4D217300C6F111 /* PBXTargetDependency */ = {
			isa = PBXTargetDependency;
			target = 6E72B4AF1E4D217300C6F111 /* TechTest */;
			targetProxy = 6E72B4C51E4D217300C6F111 /* PBXContainerItemProxy */;
		};
		6E72B4D11E4D217300C6F111 /* PBXTargetDependency */ = {
			isa = PBXTargetDependency;
			target = 6E72B4AF1E4D217300C6F111 /* TechTest */;
			targetProxy = 6E72B4D01E4D217300C6F111 /* PBXContainerItemProxy */;
		};
/* End PBXTargetDependency section */

/* Begin PBXVariantGroup section */
		6E72B4B71E4D217300C6F111 /* Main.storyboard */ = {
			isa = PBXVariantGroup;
			children = (
				6E72B4B81E4D217300C6F111 /* Base */,
			);
			name = Main.storyboard;
			sourceTree = "<group>";
		};
		6E72B4BC1E4D217300C6F111 /* LaunchScreen.storyboard */ = {
			isa = PBXVariantGroup;
			children = (
				6E72B4BD1E4D217300C6F111 /* Base */,
			);
			name = LaunchScreen.storyboard;
			sourceTree = "<group>";
		};
/* End PBXVariantGroup section */

/* Begin XCBuildConfiguration section */
		6E72B4D61E4D217300C6F111 /* Debug */ = {
			isa = XCBuildConfiguration;
			buildSettings = {
				ALWAYS_SEARCH_USER_PATHS = NO;
				CLANG_ANALYZER_NONNULL = YES;
				CLANG_CXX_LANGUAGE_STANDARD = "gnu++0x";
				CLANG_CXX_LIBRARY = "libc++";
				CLANG_ENABLE_MODULES = YES;
				CLANG_ENABLE_OBJC_ARC = YES;
				CLANG_WARN_BOOL_CONVERSION = YES;
				CLANG_WARN_CONSTANT_CONVERSION = YES;
				CLANG_WARN_DIRECT_OBJC_ISA_USAGE = YES_ERROR;
				CLANG_WARN_DOCUMENTATION_COMMENTS = YES;
				CLANG_WARN_EMPTY_BODY = YES;
				CLANG_WARN_ENUM_CONVERSION = YES;
				CLANG_WARN_INFINITE_RECURSION = YES;
				CLANG_WARN_INT_CONVERSION = YES;
				CLANG_WARN_OBJC_ROOT_CLASS = YES_ERROR;
				CLANG_WARN_SUSPICIOUS_MOVE = YES;
				CLANG_WARN_UNREACHABLE_CODE = YES;
				CLANG_WARN__DUPLICATE_METHOD_MATCH = YES;
				"CODE_SIGN_IDENTITY[sdk=iphoneos*]" = "iPhone Developer";
				COPY_PHASE_STRIP = NO;
				DEBUG_INFORMATION_FORMAT = dwarf;
				ENABLE_STRICT_OBJC_MSGSEND = YES;
				ENABLE_TESTABILITY = YES;
				GCC_C_LANGUAGE_STANDARD = gnu99;
				GCC_DYNAMIC_NO_PIC = NO;
				GCC_NO_COMMON_BLOCKS = YES;
				GCC_OPTIMIZATION_LEVEL = 0;
				GCC_PREPROCESSOR_DEFINITIONS = (
					"DEBUG=1",
					"$(inherited)",
				);
				GCC_WARN_64_TO_32_BIT_CONVERSION = YES;
				GCC_WARN_ABOUT_RETURN_TYPE = YES_ERROR;
				GCC_WARN_UNDECLARED_SELECTOR = YES;
				GCC_WARN_UNINITIALIZED_AUTOS = YES_AGGRESSIVE;
				GCC_WARN_UNUSED_FUNCTION = YES;
				GCC_WARN_UNUSED_VARIABLE = YES;
				IPHONEOS_DEPLOYMENT_TARGET = 10.2;
				MTL_ENABLE_DEBUG_INFO = YES;
				ONLY_ACTIVE_ARCH = YES;
				SDKROOT = iphoneos;
				SWIFT_ACTIVE_COMPILATION_CONDITIONS = DEBUG;
				SWIFT_OPTIMIZATION_LEVEL = "-Onone";
				TARGETED_DEVICE_FAMILY = "1,2";
			};
			name = Debug;
		};
		6E72B4D71E4D217300C6F111 /* Release */ = {
			isa = XCBuildConfiguration;
			buildSettings = {
				ALWAYS_SEARCH_USER_PATHS = NO;
				CLANG_ANALYZER_NONNULL = YES;
				CLANG_CXX_LANGUAGE_STANDARD = "gnu++0x";
				CLANG_CXX_LIBRARY = "libc++";
				CLANG_ENABLE_MODULES = YES;
				CLANG_ENABLE_OBJC_ARC = YES;
				CLANG_WARN_BOOL_CONVERSION = YES;
				CLANG_WARN_CONSTANT_CONVERSION = YES;
				CLANG_WARN_DIRECT_OBJC_ISA_USAGE = YES_ERROR;
				CLANG_WARN_DOCUMENTATION_COMMENTS = YES;
				CLANG_WARN_EMPTY_BODY = YES;
				CLANG_WARN_ENUM_CONVERSION = YES;
				CLANG_WARN_INFINITE_RECURSION = YES;
				CLANG_WARN_INT_CONVERSION = YES;
				CLANG_WARN_OBJC_ROOT_CLASS = YES_ERROR;
				CLANG_WARN_SUSPICIOUS_MOVE = YES;
				CLANG_WARN_UNREACHABLE_CODE = YES;
				CLANG_WARN__DUPLICATE_METHOD_MATCH = YES;
				"CODE_SIGN_IDENTITY[sdk=iphoneos*]" = "iPhone Developer";
				COPY_PHASE_STRIP = NO;
				DEBUG_INFORMATION_FORMAT = "dwarf-with-dsym";
				ENABLE_NS_ASSERTIONS = NO;
				ENABLE_STRICT_OBJC_MSGSEND = YES;
				GCC_C_LANGUAGE_STANDARD = gnu99;
				GCC_NO_COMMON_BLOCKS = YES;
				GCC_WARN_64_TO_32_BIT_CONVERSION = YES;
				GCC_WARN_ABOUT_RETURN_TYPE = YES_ERROR;
				GCC_WARN_UNDECLARED_SELECTOR = YES;
				GCC_WARN_UNINITIALIZED_AUTOS = YES_AGGRESSIVE;
				GCC_WARN_UNUSED_FUNCTION = YES;
				GCC_WARN_UNUSED_VARIABLE = YES;
				IPHONEOS_DEPLOYMENT_TARGET = 10.2;
				MTL_ENABLE_DEBUG_INFO = NO;
				SDKROOT = iphoneos;
				SWIFT_OPTIMIZATION_LEVEL = "-Owholemodule";
				TARGETED_DEVICE_FAMILY = "1,2";
				VALIDATE_PRODUCT = YES;
			};
			name = Release;
		};
		6E72B4D91E4D217300C6F111 /* Debug */ = {
			isa = XCBuildConfiguration;
			baseConfigurationReference = D15E09D6FA810B9BAB8517AC /* Pods-TechTest.debug.xcconfig */;
			buildSettings = {
				ASSETCATALOG_COMPILER_APPICON_NAME = AppIcon;
				DEVELOPMENT_TEAM = K98494P4SB;
				INFOPLIST_FILE = TechTest/Info.plist;
				LD_RUNPATH_SEARCH_PATHS = "$(inherited) @executable_path/Frameworks";
				PRODUCT_BUNDLE_IDENTIFIER = ch.edge5.TechTest;
				PRODUCT_NAME = "$(TARGET_NAME)";
				SWIFT_VERSION = 3.0;
			};
			name = Debug;
		};
		6E72B4DA1E4D217300C6F111 /* Release */ = {
			isa = XCBuildConfiguration;
			baseConfigurationReference = BBE43F4E9563CD7CCE11FE23 /* Pods-TechTest.release.xcconfig */;
			buildSettings = {
				ASSETCATALOG_COMPILER_APPICON_NAME = AppIcon;
				DEVELOPMENT_TEAM = K98494P4SB;
				INFOPLIST_FILE = TechTest/Info.plist;
				LD_RUNPATH_SEARCH_PATHS = "$(inherited) @executable_path/Frameworks";
				PRODUCT_BUNDLE_IDENTIFIER = ch.edge5.TechTest;
				PRODUCT_NAME = "$(TARGET_NAME)";
				SWIFT_VERSION = 3.0;
			};
			name = Release;
		};
		6E72B4DC1E4D217300C6F111 /* Debug */ = {
			isa = XCBuildConfiguration;
			buildSettings = {
				ALWAYS_EMBED_SWIFT_STANDARD_LIBRARIES = YES;
				BUNDLE_LOADER = "$(TEST_HOST)";
				INFOPLIST_FILE = TechTestTests/Info.plist;
				LD_RUNPATH_SEARCH_PATHS = "$(inherited) @executable_path/Frameworks @loader_path/Frameworks";
				PRODUCT_BUNDLE_IDENTIFIER = ch.edge5.TechTestTests;
				PRODUCT_NAME = "$(TARGET_NAME)";
				SWIFT_VERSION = 3.0;
				TEST_HOST = "$(BUILT_PRODUCTS_DIR)/TechTest.app/TechTest";
			};
			name = Debug;
		};
		6E72B4DD1E4D217300C6F111 /* Release */ = {
			isa = XCBuildConfiguration;
			buildSettings = {
				ALWAYS_EMBED_SWIFT_STANDARD_LIBRARIES = YES;
				BUNDLE_LOADER = "$(TEST_HOST)";
				INFOPLIST_FILE = TechTestTests/Info.plist;
				LD_RUNPATH_SEARCH_PATHS = "$(inherited) @executable_path/Frameworks @loader_path/Frameworks";
				PRODUCT_BUNDLE_IDENTIFIER = ch.edge5.TechTestTests;
				PRODUCT_NAME = "$(TARGET_NAME)";
				SWIFT_VERSION = 3.0;
				TEST_HOST = "$(BUILT_PRODUCTS_DIR)/TechTest.app/TechTest";
			};
			name = Release;
		};
		6E72B4DF1E4D217300C6F111 /* Debug */ = {
			isa = XCBuildConfiguration;
			buildSettings = {
				ALWAYS_EMBED_SWIFT_STANDARD_LIBRARIES = YES;
				INFOPLIST_FILE = TechTestUITests/Info.plist;
				LD_RUNPATH_SEARCH_PATHS = "$(inherited) @executable_path/Frameworks @loader_path/Frameworks";
				PRODUCT_BUNDLE_IDENTIFIER = ch.edge5.TechTestUITests;
				PRODUCT_NAME = "$(TARGET_NAME)";
				SWIFT_VERSION = 3.0;
				TEST_TARGET_NAME = TechTest;
			};
			name = Debug;
		};
		6E72B4E01E4D217300C6F111 /* Release */ = {
			isa = XCBuildConfiguration;
			buildSettings = {
				ALWAYS_EMBED_SWIFT_STANDARD_LIBRARIES = YES;
				INFOPLIST_FILE = TechTestUITests/Info.plist;
				LD_RUNPATH_SEARCH_PATHS = "$(inherited) @executable_path/Frameworks @loader_path/Frameworks";
				PRODUCT_BUNDLE_IDENTIFIER = ch.edge5.TechTestUITests;
				PRODUCT_NAME = "$(TARGET_NAME)";
				SWIFT_VERSION = 3.0;
				TEST_TARGET_NAME = TechTest;
			};
			name = Release;
		};
/* End XCBuildConfiguration section */

/* Begin XCConfigurationList section */
		6E72B4AB1E4D217300C6F111 /* Build configuration list for PBXProject "TechTest" */ = {
			isa = XCConfigurationList;
			buildConfigurations = (
				6E72B4D61E4D217300C6F111 /* Debug */,
				6E72B4D71E4D217300C6F111 /* Release */,
			);
			defaultConfigurationIsVisible = 0;
			defaultConfigurationName = Release;
		};
		6E72B4D81E4D217300C6F111 /* Build configuration list for PBXNativeTarget "TechTest" */ = {
			isa = XCConfigurationList;
			buildConfigurations = (
				6E72B4D91E4D217300C6F111 /* Debug */,
				6E72B4DA1E4D217300C6F111 /* Release */,
			);
			defaultConfigurationIsVisible = 0;
			defaultConfigurationName = Release;
		};
		6E72B4DB1E4D217300C6F111 /* Build configuration list for PBXNativeTarget "TechTestTests" */ = {
			isa = XCConfigurationList;
			buildConfigurations = (
				6E72B4DC1E4D217300C6F111 /* Debug */,
				6E72B4DD1E4D217300C6F111 /* Release */,
			);
			defaultConfigurationIsVisible = 0;
			defaultConfigurationName = Release;
		};
		6E72B4DE1E4D217300C6F111 /* Build configuration list for PBXNativeTarget "TechTestUITests" */ = {
			isa = XCConfigurationList;
			buildConfigurations = (
				6E72B4DF1E4D217300C6F111 /* Debug */,
				6E72B4E01E4D217300C6F111 /* Release */,
			);
			defaultConfigurationIsVisible = 0;
			defaultConfigurationName = Release;
		};
/* End XCConfigurationList section */
	};
	rootObject = 6E72B4A81E4D217300C6F111 /* Project object */;
}
